
Microsoft Visual Studio Solution File, Format Version 12.00
# Visual Studio 14
VisualStudioVersion = 14.0.25420.1
MinimumVisualStudioVersion = 10.0.40219.1
Project("{FAE04EC0-301F-11D3-BF4B-00C04F79EFBC}") = "P05ABC", "P05ABC\P05ABC.csproj", "{CB4E542C-9D10-4106-A060-8077E4A8DD24}"
EndProject
Project("{FAE04EC0-301F-11D3-BF4B-00C04F79EFBC}") = "P05ABC.EN", "P05ABC.EN\P05ABC.EN.csproj", "{CEA17784-462E-4FB5-BBDA-67C2DD5B7856}"
EndProject
Project("{FAE04EC0-301F-11D3-BF4B-00C04F79EFBC}") = "P05ABC.DA", "P05ABC.DA\P05ABC.DA.csproj", "{9DA5CB7E-5369-45D1-87E6-DE20678D362B}"
EndProject
Global
	GlobalSection(SolutionConfigurationPlatforms) = preSolution
		Debug|Any CPU = Debug|Any CPU
		Release|Any CPU = Release|Any CPU
	EndGlobalSection
	GlobalSection(ProjectConfigurationPlatforms) = postSolution
		{CB4E542C-9D10-4106-A060-8077E4A8DD24}.Debug|Any CPU.ActiveCfg = Debug|Any CPU
		{CB4E542C-9D10-4106-A060-8077E4A8DD24}.Debug|Any CPU.Build.0 = Debug|Any CPU
		{CB4E542C-9D10-4106-A060-8077E4A8DD24}.Release|Any CPU.ActiveCfg = Release|Any CPU
		{CB4E542C-9D10-4106-A060-8077E4A8DD24}.Release|Any CPU.Build.0 = Release|Any CPU
		{CEA17784-462E-4FB5-BBDA-67C2DD5B7856}.Debug|Any CPU.ActiveCfg = Debug|Any CPU
		{CEA17784-462E-4FB5-BBDA-67C2DD5B7856}.Debug|Any CPU.Build.0 = Debug|Any CPU
		{CEA17784-462E-4FB5-BBDA-67C2DD5B7856}.Release|Any CPU.ActiveCfg = Release|Any CPU
		{CEA17784-462E-4FB5-BBDA-67C2DD5B7856}.Release|Any CPU.Build.0 = Release|Any CPU
		{9DA5CB7E-5369-45D1-87E6-DE20678D362B}.Debug|Any CPU.ActiveCfg = Debug|Any CPU
		{9DA5CB7E-5369-45D1-87E6-DE20678D362B}.Debug|Any CPU.Build.0 = Debug|Any CPU
		{9DA5CB7E-5369-45D1-87E6-DE20678D362B}.Release|Any CPU.ActiveCfg = Release|Any CPU
		{9DA5CB7E-5369-45D1-87E6-DE20678D362B}.Release|Any CPU.Build.0 = Release|Any CPU
	EndGlobalSection
	GlobalSection(SolutionProperties) = preSolution
		HideSolutionNode = FALSE
	EndGlobalSection
EndGlobal
