
Microsoft Visual Studio Solution File, Format Version 12.00
# Visual Studio 15
VisualStudioVersion = 15.0.27130.2003
MinimumVisualStudioVersion = 10.0.40219.1
Project("{FAE04EC0-301F-11D3-BF4B-00C04F79EFBC}") = "P02Clonador", "P02Clonador\P02Clonador.csproj", "{90E39864-654F-404A-AC71-8F0DB9665CE1}"
EndProject
Project("{FAE04EC0-301F-11D3-BF4B-00C04F79EFBC}") = "P02Clonador.Shell", "P02Clonador.Shell\P02Clonador.Shell.csproj", "{DCEEEE94-B72E-44FA-8BDA-98F71C4C49F7}"
EndProject
Global
	GlobalSection(SolutionConfigurationPlatforms) = preSolution
		Debug|Any CPU = Debug|Any CPU
		Release|Any CPU = Release|Any CPU
	EndGlobalSection
	GlobalSection(ProjectConfigurationPlatforms) = postSolution
		{90E39864-654F-404A-AC71-8F0DB9665CE1}.Debug|Any CPU.ActiveCfg = Debug|Any CPU
		{90E39864-654F-404A-AC71-8F0DB9665CE1}.Debug|Any CPU.Build.0 = Debug|Any CPU
		{90E39864-654F-404A-AC71-8F0DB9665CE1}.Release|Any CPU.ActiveCfg = Release|Any CPU
		{90E39864-654F-404A-AC71-8F0DB9665CE1}.Release|Any CPU.Build.0 = Release|Any CPU
		{DCEEEE94-B72E-44FA-8BDA-98F71C4C49F7}.Debug|Any CPU.ActiveCfg = Debug|Any CPU
		{DCEEEE94-B72E-44FA-8BDA-98F71C4C49F7}.Debug|Any CPU.Build.0 = Debug|Any CPU
		{DCEEEE94-B72E-44FA-8BDA-98F71C4C49F7}.Release|Any CPU.ActiveCfg = Release|Any CPU
		{DCEEEE94-B72E-44FA-8BDA-98F71C4C49F7}.Release|Any CPU.Build.0 = Release|Any CPU
	EndGlobalSection
	GlobalSection(SolutionProperties) = preSolution
		HideSolutionNode = FALSE
	EndGlobalSection
	GlobalSection(ExtensibilityGlobals) = postSolution
		SolutionGuid = {B9C2628C-9C92-4DF5-A0F6-6E80ACAB5B8D}
	EndGlobalSection
EndGlobal
