
Microsoft Visual Studio Solution File, Format Version 12.00
# Visual Studio 15
VisualStudioVersion = 15.0.27130.2003
MinimumVisualStudioVersion = 10.0.40219.1
Project("{FAE04EC0-301F-11D3-BF4B-00C04F79EFBC}") = "P01ConexionBD", "P01ConexionBD\P01ConexionBD.csproj", "{8FFE4C2C-7EB1-4430-90D4-2DF684C21FE6}"
EndProject
Project("{FAE04EC0-301F-11D3-BF4B-00C04F79EFBC}") = "P01ConexionBD.UI", "P01ConexionBD.UI\P01ConexionBD.UI.csproj", "{CA92BD34-29CE-4AC8-ACF6-A51CD554EE4F}"
EndProject
Global
	GlobalSection(SolutionConfigurationPlatforms) = preSolution
		Debug|Any CPU = Debug|Any CPU
		Release|Any CPU = Release|Any CPU
	EndGlobalSection
	GlobalSection(ProjectConfigurationPlatforms) = postSolution
		{8FFE4C2C-7EB1-4430-90D4-2DF684C21FE6}.Debug|Any CPU.ActiveCfg = Debug|Any CPU
		{8FFE4C2C-7EB1-4430-90D4-2DF684C21FE6}.Debug|Any CPU.Build.0 = Debug|Any CPU
		{8FFE4C2C-7EB1-4430-90D4-2DF684C21FE6}.Release|Any CPU.ActiveCfg = Release|Any CPU
		{8FFE4C2C-7EB1-4430-90D4-2DF684C21FE6}.Release|Any CPU.Build.0 = Release|Any CPU
		{CA92BD34-29CE-4AC8-ACF6-A51CD554EE4F}.Debug|Any CPU.ActiveCfg = Debug|Any CPU
		{CA92BD34-29CE-4AC8-ACF6-A51CD554EE4F}.Debug|Any CPU.Build.0 = Debug|Any CPU
		{CA92BD34-29CE-4AC8-ACF6-A51CD554EE4F}.Release|Any CPU.ActiveCfg = Release|Any CPU
		{CA92BD34-29CE-4AC8-ACF6-A51CD554EE4F}.Release|Any CPU.Build.0 = Release|Any CPU
	EndGlobalSection
	GlobalSection(SolutionProperties) = preSolution
		HideSolutionNode = FALSE
	EndGlobalSection
	GlobalSection(ExtensibilityGlobals) = postSolution
		SolutionGuid = {43B12DDB-555B-4036-9D26-E80E412949F0}
	EndGlobalSection
EndGlobal
